// !$*UTF8*$!
{
	archiveVersion = 1;
	classes = {
	};
	objectVersion = 55;
	objects = {

/* Begin PBXBuildFile section */
		2DB0E53C27864FE100C45D66 /* SoccerApp.swift in Sources */ = {isa = PBXBuildFile; fileRef = 2DB0E53B27864FE100C45D66 /* SoccerApp.swift */; };
		2DB0E53E27864FE100C45D66 /* ContentView.swift in Sources */ = {isa = PBXBuildFile; fileRef = 2DB0E53D27864FE100C45D66 /* ContentView.swift */; };
		2DB0E54027864FE300C45D66 /* Assets.xcassets in Resources */ = {isa = PBXBuildFile; fileRef = 2DB0E53F27864FE300C45D66 /* Assets.xcassets */; };
		2DB0E54327864FE300C45D66 /* Preview Assets.xcassets in Resources */ = {isa = PBXBuildFile; fileRef = 2DB0E54227864FE300C45D66 /* Preview Assets.xcassets */; };
		2DB0E54527864FE300C45D66 /* Persistence.swift in Sources */ = {isa = PBXBuildFile; fileRef = 2DB0E54427864FE300C45D66 /* Persistence.swift */; };
		2DB0E54827864FE300C45D66 /* Soccer.xcdatamodeld in Sources */ = {isa = PBXBuildFile; fileRef = 2DB0E54627864FE300C45D66 /* Soccer.xcdatamodeld */; };
		2DB0E55227864FE300C45D66 /* SoccerTests.swift in Sources */ = {isa = PBXBuildFile; fileRef = 2DB0E55127864FE300C45D66 /* SoccerTests.swift */; };
		2DB0E55C27864FE300C45D66 /* SoccerUITests.swift in Sources */ = {isa = PBXBuildFile; fileRef = 2DB0E55B27864FE300C45D66 /* SoccerUITests.swift */; };
		2DB0E55E27864FE300C45D66 /* SoccerUITestsLaunchTests.swift in Sources */ = {isa = PBXBuildFile; fileRef = 2DB0E55D27864FE300C45D66 /* SoccerUITestsLaunchTests.swift */; };
/* End PBXBuildFile section */

/* Begin PBXContainerItemProxy section */
		2DB0E54E27864FE300C45D66 /* PBXContainerItemProxy */ = {
			isa = PBXContainerItemProxy;
			containerPortal = 2DB0E53027864FE100C45D66 /* Project object */;
			proxyType = 1;
			remoteGlobalIDString = 2DB0E53727864FE100C45D66;
			remoteInfo = Soccer;
		};
		2DB0E55827864FE300C45D66 /* PBXContainerItemProxy */ = {
			isa = PBXContainerItemProxy;
			containerPortal = 2DB0E53027864FE100C45D66 /* Project object */;
			proxyType = 1;
			remoteGlobalIDString = 2DB0E53727864FE100C45D66;
			remoteInfo = Soccer;
		};
/* End PBXContainerItemProxy section */

/* Begin PBXFileReference section */
		2DB0E53827864FE100C45D66 /* Soccer.app */ = {isa = PBXFileReference; explicitFileType = wrapper.application; includeInIndex = 0; path = Soccer.app; sourceTree = BUILT_PRODUCTS_DIR; };
		2DB0E53B27864FE100C45D66 /* SoccerApp.swift */ = {isa = PBXFileReference; lastKnownFileType = sourcecode.swift; path = SoccerApp.swift; sourceTree = "<group>"; };
		2DB0E53D27864FE100C45D66 /* ContentView.swift */ = {isa = PBXFileReference; lastKnownFileType = sourcecode.swift; path = ContentView.swift; sourceTree = "<group>"; };
		2DB0E53F27864FE300C45D66 /* Assets.xcassets */ = {isa = PBXFileReference; lastKnownFileType = folder.assetcatalog; path = Assets.xcassets; sourceTree = "<group>"; };
		2DB0E54227864FE300C45D66 /* Preview Assets.xcassets */ = {isa = PBXFileReference; lastKnownFileType = folder.assetcatalog; path = "Preview Assets.xcassets"; sourceTree = "<group>"; };
		2DB0E54427864FE300C45D66 /* Persistence.swift */ = {isa = PBXFileReference; lastKnownFileType = sourcecode.swift; path = Persistence.swift; sourceTree = "<group>"; };
		2DB0E54727864FE300C45D66 /* Soccer.xcdatamodel */ = {isa = PBXFileReference; lastKnownFileType = wrapper.xcdatamodel; path = Soccer.xcdatamodel; sourceTree = "<group>"; };
		2DB0E54D27864FE300C45D66 /* SoccerTests.xctest */ = {isa = PBXFileReference; explicitFileType = wrapper.cfbundle; includeInIndex = 0; path = SoccerTests.xctest; sourceTree = BUILT_PRODUCTS_DIR; };
		2DB0E55127864FE300C45D66 /* SoccerTests.swift */ = {isa = PBXFileReference; lastKnownFileType = sourcecode.swift; path = SoccerTests.swift; sourceTree = "<group>"; };
		2DB0E55727864FE300C45D66 /* SoccerUITests.xctest */ = {isa = PBXFileReference; explicitFileType = wrapper.cfbundle; includeInIndex = 0; path = SoccerUITests.xctest; sourceTree = BUILT_PRODUCTS_DIR; };
		2DB0E55B27864FE300C45D66 /* SoccerUITests.swift */ = {isa = PBXFileReference; lastKnownFileType = sourcecode.swift; path = SoccerUITests.swift; sourceTree = "<group>"; };
		2DB0E55D27864FE300C45D66 /* SoccerUITestsLaunchTests.swift */ = {isa = PBXFileReference; lastKnownFileType = sourcecode.swift; path = SoccerUITestsLaunchTests.swift; sourceTree = "<group>"; };
/* End PBXFileReference section */

/* Begin PBXFrameworksBuildPhase section */
		2DB0E53527864FE100C45D66 /* Frameworks */ = {
			isa = PBXFrameworksBuildPhase;
			buildActionMask = 2147483647;
			files = (
			);
			runOnlyForDeploymentPostprocessing = 0;
		};
		2DB0E54A27864FE300C45D66 /* Frameworks */ = {
			isa = PBXFrameworksBuildPhase;
			buildActionMask = 2147483647;
			files = (
			);
			runOnlyForDeploymentPostprocessing = 0;
		};
		2DB0E55427864FE300C45D66 /* Frameworks */ = {
			isa = PBXFrameworksBuildPhase;
			buildActionMask = 2147483647;
			files = (
			);
			runOnlyForDeploymentPostprocessing = 0;
		};
/* End PBXFrameworksBuildPhase section */

/* Begin PBXGroup section */
		2DB0E52F27864FE100C45D66 = {
			isa = PBXGroup;
			children = (
				2DB0E53A27864FE100C45D66 /* Soccer */,
				2DB0E55027864FE300C45D66 /* SoccerTests */,
				2DB0E55A27864FE300C45D66 /* SoccerUITests */,
				2DB0E53927864FE100C45D66 /* Products */,
			);
			sourceTree = "<group>";
		};
		2DB0E53927864FE100C45D66 /* Products */ = {
			isa = PBXGroup;
			children = (
				2DB0E53827864FE100C45D66 /* Soccer.app */,
				2DB0E54D27864FE300C45D66 /* SoccerTests.xctest */,
				2DB0E55727864FE300C45D66 /* SoccerUITests.xctest */,
			);
			name = Products;
			sourceTree = "<group>";
		};
		2DB0E53A27864FE100C45D66 /* Soccer */ = {
			isa = PBXGroup;
			children = (
				2DB0E53B27864FE100C45D66 /* SoccerApp.swift */,
				2DB0E53D27864FE100C45D66 /* ContentView.swift */,
				2DB0E53F27864FE300C45D66 /* Assets.xcassets */,
				2DB0E54427864FE300C45D66 /* Persistence.swift */,
				2DB0E54627864FE300C45D66 /* Soccer.xcdatamodeld */,
				2DB0E54127864FE300C45D66 /* Preview Content */,
			);
			path = Soccer;
			sourceTree = "<group>";
		};
		2DB0E54127864FE300C45D66 /* Preview Content */ = {
			isa = PBXGroup;
			children = (
				2DB0E54227864FE300C45D66 /* Preview Assets.xcassets */,
			);
			path = "Preview Content";
			sourceTree = "<group>";
		};
		2DB0E55027864FE300C45D66 /* SoccerTests */ = {
			isa = PBXGroup;
			children = (
				2DB0E55127864FE300C45D66 /* SoccerTests.swift */,
			);
			path = SoccerTests;
			sourceTree = "<group>";
		};
		2DB0E55A27864FE300C45D66 /* SoccerUITests */ = {
			isa = PBXGroup;
			children = (
				2DB0E55B27864FE300C45D66 /* SoccerUITests.swift */,
				2DB0E55D27864FE300C45D66 /* SoccerUITestsLaunchTests.swift */,
			);
			path = SoccerUITests;
			sourceTree = "<group>";
		};
/* End PBXGroup section */

/* Begin PBXNativeTarget section */
		2DB0E53727864FE100C45D66 /* Soccer */ = {
			isa = PBXNativeTarget;
			buildConfigurationList = 2DB0E56127864FE300C45D66 /* Build configuration list for PBXNativeTarget "Soccer" */;
			buildPhases = (
				2DB0E53427864FE100C45D66 /* Sources */,
				2DB0E53527864FE100C45D66 /* Frameworks */,
				2DB0E53627864FE100C45D66 /* Resources */,
			);
			buildRules = (
			);
			dependencies = (
			);
			name = Soccer;
			productName = Soccer;
			productReference = 2DB0E53827864FE100C45D66 /* Soccer.app */;
			productType = "com.apple.product-type.application";
		};
		2DB0E54C27864FE300C45D66 /* SoccerTests */ = {
			isa = PBXNativeTarget;
			buildConfigurationList = 2DB0E56427864FE300C45D66 /* Build configuration list for PBXNativeTarget "SoccerTests" */;
			buildPhases = (
				2DB0E54927864FE300C45D66 /* Sources */,
				2DB0E54A27864FE300C45D66 /* Frameworks */,
				2DB0E54B27864FE300C45D66 /* Resources */,
			);
			buildRules = (
			);
			dependencies = (
				2DB0E54F27864FE300C45D66 /* PBXTargetDependency */,
			);
			name = SoccerTests;
			productName = SoccerTests;
			productReference = 2DB0E54D27864FE300C45D66 /* SoccerTests.xctest */;
			productType = "com.apple.product-type.bundle.unit-test";
		};
		2DB0E55627864FE300C45D66 /* SoccerUITests */ = {
			isa = PBXNativeTarget;
			buildConfigurationList = 2DB0E56727864FE300C45D66 /* Build configuration list for PBXNativeTarget "SoccerUITests" */;
			buildPhases = (
				2DB0E55327864FE300C45D66 /* Sources */,
				2DB0E55427864FE300C45D66 /* Frameworks */,
				2DB0E55527864FE300C45D66 /* Resources */,
			);
			buildRules = (
			);
			dependencies = (
				2DB0E55927864FE300C45D66 /* PBXTargetDependency */,
			);
			name = SoccerUITests;
			productName = SoccerUITests;
			productReference = 2DB0E55727864FE300C45D66 /* SoccerUITests.xctest */;
			productType = "com.apple.product-type.bundle.ui-testing";
		};
/* End PBXNativeTarget section */

/* Begin PBXProject section */
		2DB0E53027864FE100C45D66 /* Project object */ = {
			isa = PBXProject;
			attributes = {
				BuildIndependentTargetsInParallel = 1;
				LastSwiftUpdateCheck = 1320;
				LastUpgradeCheck = 1320;
				TargetAttributes = {
					2DB0E53727864FE100C45D66 = {
						CreatedOnToolsVersion = 13.2.1;
					};
					2DB0E54C27864FE300C45D66 = {
						CreatedOnToolsVersion = 13.2.1;
						TestTargetID = 2DB0E53727864FE100C45D66;
					};
					2DB0E55627864FE300C45D66 = {
						CreatedOnToolsVersion = 13.2.1;
						TestTargetID = 2DB0E53727864FE100C45D66;
					};
				};
			};
			buildConfigurationList = 2DB0E53327864FE100C45D66 /* Build configuration list for PBXProject "Soccer" */;
			compatibilityVersion = "Xcode 13.0";
			developmentRegion = en;
			hasScannedForEncodings = 0;
			knownRegions = (
				en,
				Base,
			);
			mainGroup = 2DB0E52F27864FE100C45D66;
			productRefGroup = 2DB0E53927864FE100C45D66 /* Products */;
			projectDirPath = "";
			projectRoot = "";
			targets = (
				2DB0E53727864FE100C45D66 /* Soccer */,
				2DB0E54C27864FE300C45D66 /* SoccerTests */,
				2DB0E55627864FE300C45D66 /* SoccerUITests */,
			);
		};
/* End PBXProject section */

/* Begin PBXResourcesBuildPhase section */
		2DB0E53627864FE100C45D66 /* Resources */ = {
			isa = PBXResourcesBuildPhase;
			buildActionMask = 2147483647;
			files = (
				2DB0E54327864FE300C45D66 /* Preview Assets.xcassets in Resources */,
				2DB0E54027864FE300C45D66 /* Assets.xcassets in Resources */,
			);
			runOnlyForDeploymentPostprocessing = 0;
		};
		2DB0E54B27864FE300C45D66 /* Resources */ = {
			isa = PBXResourcesBuildPhase;
			buildActionMask = 2147483647;
			files = (
			);
			runOnlyForDeploymentPostprocessing = 0;
		};
		2DB0E55527864FE300C45D66 /* Resources */ = {
			isa = PBXResourcesBuildPhase;
			buildActionMask = 2147483647;
			files = (
			);
			runOnlyForDeploymentPostprocessing = 0;
		};
/* End PBXResourcesBuildPhase section */

/* Begin PBXSourcesBuildPhase section */
		2DB0E53427864FE100C45D66 /* Sources */ = {
			isa = PBXSourcesBuildPhase;
			buildActionMask = 2147483647;
			files = (
				2DB0E54527864FE300C45D66 /* Persistence.swift in Sources */,
				2DB0E53E27864FE100C45D66 /* ContentView.swift in Sources */,
				2DB0E54827864FE300C45D66 /* Soccer.xcdatamodeld in Sources */,
				2DB0E53C27864FE100C45D66 /* SoccerApp.swift in Sources */,
			);
			runOnlyForDeploymentPostprocessing = 0;
		};
		2DB0E54927864FE300C45D66 /* Sources */ = {
			isa = PBXSourcesBuildPhase;
			buildActionMask = 2147483647;
			files = (
				2DB0E55227864FE300C45D66 /* SoccerTests.swift in Sources */,
			);
			runOnlyForDeploymentPostprocessing = 0;
		};
		2DB0E55327864FE300C45D66 /* Sources */ = {
			isa = PBXSourcesBuildPhase;
			buildActionMask = 2147483647;
			files = (
				2DB0E55C27864FE300C45D66 /* SoccerUITests.swift in Sources */,
				2DB0E55E27864FE300C45D66 /* SoccerUITestsLaunchTests.swift in Sources */,
			);
			runOnlyForDeploymentPostprocessing = 0;
		};
/* End PBXSourcesBuildPhase section */

/* Begin PBXTargetDependency section */
		2DB0E54F27864FE300C45D66 /* PBXTargetDependency */ = {
			isa = PBXTargetDependency;
			target = 2DB0E53727864FE100C45D66 /* Soccer */;
			targetProxy = 2DB0E54E27864FE300C45D66 /* PBXContainerItemProxy */;
		};
		2DB0E55927864FE300C45D66 /* PBXTargetDependency */ = {
			isa = PBXTargetDependency;
			target = 2DB0E53727864FE100C45D66 /* Soccer */;
			targetProxy = 2DB0E55827864FE300C45D66 /* PBXContainerItemProxy */;
		};
/* End PBXTargetDependency section */

/* Begin XCBuildConfiguration section */
		2DB0E55F27864FE300C45D66 /* Debug */ = {
			isa = XCBuildConfiguration;
			buildSettings = {
				ALWAYS_SEARCH_USER_PATHS = NO;
				CLANG_ANALYZER_NONNULL = YES;
				CLANG_ANALYZER_NUMBER_OBJECT_CONVERSION = YES_AGGRESSIVE;
				CLANG_CXX_LANGUAGE_STANDARD = "gnu++17";
				CLANG_CXX_LIBRARY = "libc++";
				CLANG_ENABLE_MODULES = YES;
				CLANG_ENABLE_OBJC_ARC = YES;
				CLANG_ENABLE_OBJC_WEAK = YES;
				CLANG_WARN_BLOCK_CAPTURE_AUTORELEASING = YES;
				CLANG_WARN_BOOL_CONVERSION = YES;
				CLANG_WARN_COMMA = YES;
				CLANG_WARN_CONSTANT_CONVERSION = YES;
				CLANG_WARN_DEPRECATED_OBJC_IMPLEMENTATIONS = YES;
				CLANG_WARN_DIRECT_OBJC_ISA_USAGE = YES_ERROR;
				CLANG_WARN_DOCUMENTATION_COMMENTS = YES;
				CLANG_WARN_EMPTY_BODY = YES;
				CLANG_WARN_ENUM_CONVERSION = YES;
				CLANG_WARN_INFINITE_RECURSION = YES;
				CLANG_WARN_INT_CONVERSION = YES;
				CLANG_WARN_NON_LITERAL_NULL_CONVERSION = YES;
				CLANG_WARN_OBJC_IMPLICIT_RETAIN_SELF = YES;
				CLANG_WARN_OBJC_LITERAL_CONVERSION = YES;
				CLANG_WARN_OBJC_ROOT_CLASS = YES_ERROR;
				CLANG_WARN_QUOTED_INCLUDE_IN_FRAMEWORK_HEADER = YES;
				CLANG_WARN_RANGE_LOOP_ANALYSIS = YES;
				CLANG_WARN_STRICT_PROTOTYPES = YES;
				CLANG_WARN_SUSPICIOUS_MOVE = YES;
				CLANG_WARN_UNGUARDED_AVAILABILITY = YES_AGGRESSIVE;
				CLANG_WARN_UNREACHABLE_CODE = YES;
				CLANG_WARN__DUPLICATE_METHOD_MATCH = YES;
				COPY_PHASE_STRIP = NO;
				DEBUG_INFORMATION_FORMAT = dwarf;
				ENABLE_STRICT_OBJC_MSGSEND = YES;
				ENABLE_TESTABILITY = YES;
				GCC_C_LANGUAGE_STANDARD = gnu11;
				GCC_DYNAMIC_NO_PIC = NO;
				GCC_NO_COMMON_BLOCKS = YES;
				GCC_OPTIMIZATION_LEVEL = 0;
				GCC_PREPROCESSOR_DEFINITIONS = (
					"DEBUG=1",
					"$(inherited)",
				);
				GCC_WARN_64_TO_32_BIT_CONVERSION = YES;
				GCC_WARN_ABOUT_RETURN_TYPE = YES_ERROR;
				GCC_WARN_UNDECLARED_SELECTOR = YES;
				GCC_WARN_UNINITIALIZED_AUTOS = YES_AGGRESSIVE;
				GCC_WARN_UNUSED_FUNCTION = YES;
				GCC_WARN_UNUSED_VARIABLE = YES;
				IPHONEOS_DEPLOYMENT_TARGET = 15.2;
				MTL_ENABLE_DEBUG_INFO = INCLUDE_SOURCE;
				MTL_FAST_MATH = YES;
				ONLY_ACTIVE_ARCH = YES;
				SDKROOT = iphoneos;
				SWIFT_ACTIVE_COMPILATION_CONDITIONS = DEBUG;
				SWIFT_OPTIMIZATION_LEVEL = "-Onone";
			};
			name = Debug;
		};
		2DB0E56027864FE300C45D66 /* Release */ = {
			isa = XCBuildConfiguration;
			buildSettings = {
				ALWAYS_SEARCH_USER_PATHS = NO;
				CLANG_ANALYZER_NONNULL = YES;
				CLANG_ANALYZER_NUMBER_OBJECT_CONVERSION = YES_AGGRESSIVE;
				CLANG_CXX_LANGUAGE_STANDARD = "gnu++17";
				CLANG_CXX_LIBRARY = "libc++";
				CLANG_ENABLE_MODULES = YES;
				CLANG_ENABLE_OBJC_ARC = YES;
				CLANG_ENABLE_OBJC_WEAK = YES;
				CLANG_WARN_BLOCK_CAPTURE_AUTORELEASING = YES;
				CLANG_WARN_BOOL_CONVERSION = YES;
				CLANG_WARN_COMMA = YES;
				CLANG_WARN_CONSTANT_CONVERSION = YES;
				CLANG_WARN_DEPRECATED_OBJC_IMPLEMENTATIONS = YES;
				CLANG_WARN_DIRECT_OBJC_ISA_USAGE = YES_ERROR;
				CLANG_WARN_DOCUMENTATION_COMMENTS = YES;
				CLANG_WARN_EMPTY_BODY = YES;
				CLANG_WARN_ENUM_CONVERSION = YES;
				CLANG_WARN_INFINITE_RECURSION = YES;
				CLANG_WARN_INT_CONVERSION = YES;
				CLANG_WARN_NON_LITERAL_NULL_CONVERSION = YES;
				CLANG_WARN_OBJC_IMPLICIT_RETAIN_SELF = YES;
				CLANG_WARN_OBJC_LITERAL_CONVERSION = YES;
				CLANG_WARN_OBJC_ROOT_CLASS = YES_ERROR;
				CLANG_WARN_QUOTED_INCLUDE_IN_FRAMEWORK_HEADER = YES;
				CLANG_WARN_RANGE_LOOP_ANALYSIS = YES;
				CLANG_WARN_STRICT_PROTOTYPES = YES;
				CLANG_WARN_SUSPICIOUS_MOVE = YES;
				CLANG_WARN_UNGUARDED_AVAILABILITY = YES_AGGRESSIVE;
				CLANG_WARN_UNREACHABLE_CODE = YES;
				CLANG_WARN__DUPLICATE_METHOD_MATCH = YES;
				COPY_PHASE_STRIP = NO;
				DEBUG_INFORMATION_FORMAT = "dwarf-with-dsym";
				ENABLE_NS_ASSERTIONS = NO;
				ENABLE_STRICT_OBJC_MSGSEND = YES;
				GCC_C_LANGUAGE_STANDARD = gnu11;
				GCC_NO_COMMON_BLOCKS = YES;
				GCC_WARN_64_TO_32_BIT_CONVERSION = YES;
				GCC_WARN_ABOUT_RETURN_TYPE = YES_ERROR;
				GCC_WARN_UNDECLARED_SELECTOR = YES;
				GCC_WARN_UNINITIALIZED_AUTOS = YES_AGGRESSIVE;
				GCC_WARN_UNUSED_FUNCTION = YES;
				GCC_WARN_UNUSED_VARIABLE = YES;
				IPHONEOS_DEPLOYMENT_TARGET = 15.2;
				MTL_ENABLE_DEBUG_INFO = NO;
				MTL_FAST_MATH = YES;
				SDKROOT = iphoneos;
				SWIFT_COMPILATION_MODE = wholemodule;
				SWIFT_OPTIMIZATION_LEVEL = "-O";
				VALIDATE_PRODUCT = YES;
			};
			name = Release;
		};
		2DB0E56227864FE300C45D66 /* Debug */ = {
			isa = XCBuildConfiguration;
			buildSettings = {
				ASSETCATALOG_COMPILER_APPICON_NAME = AppIcon;
				ASSETCATALOG_COMPILER_GLOBAL_ACCENT_COLOR_NAME = AccentColor;
				CODE_SIGN_STYLE = Automatic;
				CURRENT_PROJECT_VERSION = 1;
				DEVELOPMENT_ASSET_PATHS = "\"Soccer/Preview Content\"";
				DEVELOPMENT_TEAM = 47WXBP3UVM;
				ENABLE_PREVIEWS = YES;
				GENERATE_INFOPLIST_FILE = YES;
				INFOPLIST_KEY_UIApplicationSceneManifest_Generation = YES;
				INFOPLIST_KEY_UIApplicationSupportsIndirectInputEvents = YES;
				INFOPLIST_KEY_UILaunchScreen_Generation = YES;
				INFOPLIST_KEY_UISupportedInterfaceOrientations_iPad = "UIInterfaceOrientationPortrait UIInterfaceOrientationPortraitUpsideDown UIInterfaceOrientationLandscapeLeft UIInterfaceOrientationLandscapeRight";
				INFOPLIST_KEY_UISupportedInterfaceOrientations_iPhone = "UIInterfaceOrientationPortrait UIInterfaceOrientationLandscapeLeft UIInterfaceOrientationLandscapeRight";
				LD_RUNPATH_SEARCH_PATHS = (
					"$(inherited)",
					"@executable_path/Frameworks",
				);
				MARKETING_VERSION = 1.0;
				PRODUCT_BUNDLE_IDENTIFIER = "Soccer-Favorite.Soccer";
				PRODUCT_NAME = "$(TARGET_NAME)";
				SWIFT_EMIT_LOC_STRINGS = YES;
				SWIFT_VERSION = 5.0;
				TARGETED_DEVICE_FAMILY = "1,2";
			};
			name = Debug;
		};
		2DB0E56327864FE300C45D66 /* Release */ = {
			isa = XCBuildConfiguration;
			buildSettings = {
				ASSETCATALOG_COMPILER_APPICON_NAME = AppIcon;
				ASSETCATALOG_COMPILER_GLOBAL_ACCENT_COLOR_NAME = AccentColor;
				CODE_SIGN_STYLE = Automatic;
				CURRENT_PROJECT_VERSION = 1;
				DEVELOPMENT_ASSET_PATHS = "\"Soccer/Preview Content\"";
				DEVELOPMENT_TEAM = 47WXBP3UVM;
				ENABLE_PREVIEWS = YES;
				GENERATE_INFOPLIST_FILE = YES;
				INFOPLIST_KEY_UIApplicationSceneManifest_Generation = YES;
				INFOPLIST_KEY_UIApplicationSupportsIndirectInputEvents = YES;
				INFOPLIST_KEY_UILaunchScreen_Generation = YES;
				INFOPLIST_KEY_UISupportedInterfaceOrientations_iPad = "UIInterfaceOrientationPortrait UIInterfaceOrientationPortraitUpsideDown UIInterfaceOrientationLandscapeLeft UIInterfaceOrientationLandscapeRight";
				INFOPLIST_KEY_UISupportedInterfaceOrientations_iPhone = "UIInterfaceOrientationPortrait UIInterfaceOrientationLandscapeLeft UIInterfaceOrientationLandscapeRight";
				LD_RUNPATH_SEARCH_PATHS = (
					"$(inherited)",
					"@executable_path/Frameworks",
				);
				MARKETING_VERSION = 1.0;
				PRODUCT_BUNDLE_IDENTIFIER = "Soccer-Favorite.Soccer";
				PRODUCT_NAME = "$(TARGET_NAME)";
				SWIFT_EMIT_LOC_STRINGS = YES;
				SWIFT_VERSION = 5.0;
				TARGETED_DEVICE_FAMILY = "1,2";
			};
			name = Release;
		};
		2DB0E56527864FE300C45D66 /* Debug */ = {
			isa = XCBuildConfiguration;
			buildSettings = {
				ALWAYS_EMBED_SWIFT_STANDARD_LIBRARIES = YES;
				BUNDLE_LOADER = "$(TEST_HOST)";
				CODE_SIGN_STYLE = Automatic;
				CURRENT_PROJECT_VERSION = 1;
				DEVELOPMENT_TEAM = 47WXBP3UVM;
				GENERATE_INFOPLIST_FILE = YES;
				IPHONEOS_DEPLOYMENT_TARGET = 15.2;
				MARKETING_VERSION = 1.0;
				PRODUCT_BUNDLE_IDENTIFIER = "Soccer-Favorite.SoccerTests";
				PRODUCT_NAME = "$(TARGET_NAME)";
				SWIFT_EMIT_LOC_STRINGS = NO;
				SWIFT_VERSION = 5.0;
				TARGETED_DEVICE_FAMILY = "1,2";
				TEST_HOST = "$(BUILT_PRODUCTS_DIR)/Soccer.app/Soccer";
			};
			name = Debug;
		};
		2DB0E56627864FE300C45D66 /* Release */ = {
			isa = XCBuildConfiguration;
			buildSettings = {
				ALWAYS_EMBED_SWIFT_STANDARD_LIBRARIES = YES;
				BUNDLE_LOADER = "$(TEST_HOST)";
				CODE_SIGN_STYLE = Automatic;
				CURRENT_PROJECT_VERSION = 1;
				DEVELOPMENT_TEAM = 47WXBP3UVM;
				GENERATE_INFOPLIST_FILE = YES;
				IPHONEOS_DEPLOYMENT_TARGET = 15.2;
				MARKETING_VERSION = 1.0;
				PRODUCT_BUNDLE_IDENTIFIER = "Soccer-Favorite.SoccerTests";
				PRODUCT_NAME = "$(TARGET_NAME)";
				SWIFT_EMIT_LOC_STRINGS = NO;
				SWIFT_VERSION = 5.0;
				TARGETED_DEVICE_FAMILY = "1,2";
				TEST_HOST = "$(BUILT_PRODUCTS_DIR)/Soccer.app/Soccer";
			};
			name = Release;
		};
		2DB0E56827864FE300C45D66 /* Debug */ = {
			isa = XCBuildConfiguration;
			buildSettings = {
				ALWAYS_EMBED_SWIFT_STANDARD_LIBRARIES = YES;
				CODE_SIGN_STYLE = Automatic;
				CURRENT_PROJECT_VERSION = 1;
				DEVELOPMENT_TEAM = 47WXBP3UVM;
				GENERATE_INFOPLIST_FILE = YES;
				MARKETING_VERSION = 1.0;
				PRODUCT_BUNDLE_IDENTIFIER = "Soccer-Favorite.SoccerUITests";
				PRODUCT_NAME = "$(TARGET_NAME)";
				SWIFT_EMIT_LOC_STRINGS = NO;
				SWIFT_VERSION = 5.0;
				TARGETED_DEVICE_FAMILY = "1,2";
				TEST_TARGET_NAME = Soccer;
			};
			name = Debug;
		};
		2DB0E56927864FE300C45D66 /* Release */ = {
			isa = XCBuildConfiguration;
			buildSettings = {
				ALWAYS_EMBED_SWIFT_STANDARD_LIBRARIES = YES;
				CODE_SIGN_STYLE = Automatic;
				CURRENT_PROJECT_VERSION = 1;
				DEVELOPMENT_TEAM = 47WXBP3UVM;
				GENERATE_INFOPLIST_FILE = YES;
				MARKETING_VERSION = 1.0;
				PRODUCT_BUNDLE_IDENTIFIER = "Soccer-Favorite.SoccerUITests";
				PRODUCT_NAME = "$(TARGET_NAME)";
				SWIFT_EMIT_LOC_STRINGS = NO;
				SWIFT_VERSION = 5.0;
				TARGETED_DEVICE_FAMILY = "1,2";
				TEST_TARGET_NAME = Soccer;
			};
			name = Release;
		};
/* End XCBuildConfiguration section */

/* Begin XCConfigurationList section */
		2DB0E53327864FE100C45D66 /* Build configuration list for PBXProject "Soccer" */ = {
			isa = XCConfigurationList;
			buildConfigurations = (
				2DB0E55F27864FE300C45D66 /* Debug */,
				2DB0E56027864FE300C45D66 /* Release */,
			);
			defaultConfigurationIsVisible = 0;
			defaultConfigurationName = Release;
		};
		2DB0E56127864FE300C45D66 /* Build configuration list for PBXNativeTarget "Soccer" */ = {
			isa = XCConfigurationList;
			buildConfigurations = (
				2DB0E56227864FE300C45D66 /* Debug */,
				2DB0E56327864FE300C45D66 /* Release */,
			);
			defaultConfigurationIsVisible = 0;
			defaultConfigurationName = Release;
		};
		2DB0E56427864FE300C45D66 /* Build configuration list for PBXNativeTarget "SoccerTests" */ = {
			isa = XCConfigurationList;
			buildConfigurations = (
				2DB0E56527864FE300C45D66 /* Debug */,
				2DB0E56627864FE300C45D66 /* Release */,
			);
			defaultConfigurationIsVisible = 0;
			defaultConfigurationName = Release;
		};
		2DB0E56727864FE300C45D66 /* Build configuration list for PBXNativeTarget "SoccerUITests" */ = {
			isa = XCConfigurationList;
			buildConfigurations = (
				2DB0E56827864FE300C45D66 /* Debug */,
				2DB0E56927864FE300C45D66 /* Release */,
			);
			defaultConfigurationIsVisible = 0;
			defaultConfigurationName = Release;
		};
/* End XCConfigurationList section */

/* Begin XCVersionGroup section */
		2DB0E54627864FE300C45D66 /* Soccer.xcdatamodeld */ = {
			isa = XCVersionGroup;
			children = (
				2DB0E54727864FE300C45D66 /* Soccer.xcdatamodel */,
			);
			currentVersion = 2DB0E54727864FE300C45D66 /* Soccer.xcdatamodel */;
			path = Soccer.xcdatamodeld;
			sourceTree = "<group>";
			versionGroupType = wrapper.xcdatamodel;
		};
/* End XCVersionGroup section */
	};
	rootObject = 2DB0E53027864FE100C45D66 /* Project object */;
}
